DEPENDENCIES
  apache2
    git: https://github.com/opscode-cookbooks/apache2.git
    revision: df45cbfab8246ae0800b11b4cff8b103a0ed2113
  chef_provisioning_example
    path: .
    metadata: true

GRAPH
  apache (0.0.5)
    apache2 (>= 0.0.0)
  apache2 (3.2.2)
  chef_provisioning_example (0.1.1)
    apache (>= 0.0.0)
